<?xml version="1.0" encoding="utf-8"?>
<Project ToolsVersion="4.0" xmlns="http://schemas.microsoft.com/developer/msbuild/2003">
  <ItemGroup>
    <ClCompile Include="main.cpp" />
    <ClCompile Include="ffmpeg.cpp">
      <Filter>ffmpeg</Filter>
    </ClCompile>
    <ClCompile Include="files.cpp">
      <Filter>files</Filter>
    </ClCompile>
    <ClCompile Include="parameters.cpp">
      <Filter>parameters</Filter>
    </ClCompile>
    <ClCompile Include="imagemagick.cpp">
      <Filter>ImageMagick</Filter>
    </ClCompile>
    <ClCompile Include="shared.cpp">
      <Filter>shared</Filter>
    </ClCompile>
  </ItemGroup>
  <ItemGroup>
    <Filter Include="ffmpeg">
      <UniqueIdentifier>{3da02d50-7aac-4328-830e-7122787f7589}</UniqueIdentifier>
    </Filter>
    <Filter Include="files">
      <UniqueIdentifier>{f15e1603-f6ed-4c2d-930c-de2d9bdb8641}</UniqueIdentifier>
    </Filter>
    <Filter Include="parameters">
      <UniqueIdentifier>{caf59a5c-52c8-4b55-a77c-67b0535c65a2}</UniqueIdentifier>
    </Filter>
    <Filter Include="ImageMagick">
      <UniqueIdentifier>{0de13379-b32d-4646-8347-390d537ec983}</UniqueIdentifier>
    </Filter>
    <Filter Include="shared">
      <UniqueIdentifier>{497d79d6-632d-4c66-b43d-9917b4c9888f}</UniqueIdentifier>
    </Filter>
  </ItemGroup>
  <ItemGroup>
    <ClInclude Include="ffmpeg.h">
      <Filter>ffmpeg</Filter>
    </ClInclude>
    <ClInclude Include="files.h">
      <Filter>files</Filter>
    </ClInclude>
    <ClInclude Include="parameters.h">
      <Filter>parameters</Filter>
    </ClInclude>
    <ClInclude Include="imagemagick.h">
      <Filter>ImageMagick</Filter>
    </ClInclude>
    <ClInclude Include="shared.h">
      <Filter>shared</Filter>
    </ClInclude>
  </ItemGroup>
</Project>